// !$*UTF8*$!
{
	archiveVersion = 1;
	classes = {
	};
	objectVersion = 56;
	objects = {

/* Begin PBXBuildFile section */
		A643359D2B2DAB55009689DC /* ClosureDetailViewController.swift in Sources */ = {isa = PBXBuildFile; fileRef = A643359C2B2DAB55009689DC /* ClosureDetailViewController.swift */; };
		A643359F2B2DAB5A009689DC /* ClosureViewController.swift in Sources */ = {isa = PBXBuildFile; fileRef = A643359E2B2DAB5A009689DC /* ClosureViewController.swift */; };
		A64335A12B2DAB5F009689DC /* VariableViewController.swift in Sources */ = {isa = PBXBuildFile; fileRef = A64335A02B2DAB5E009689DC /* VariableViewController.swift */; };
		A64335A32B2DAB64009689DC /* VariableDetailViewController.swift in Sources */ = {isa = PBXBuildFile; fileRef = A64335A22B2DAB64009689DC /* VariableDetailViewController.swift */; };
		A64335A52B2DAB68009689DC /* SegueViewController.swift in Sources */ = {isa = PBXBuildFile; fileRef = A64335A42B2DAB68009689DC /* SegueViewController.swift */; };
		A64335A72B2DAB6D009689DC /* SegueDetailViewController.swift in Sources */ = {isa = PBXBuildFile; fileRef = A64335A62B2DAB6D009689DC /* SegueDetailViewController.swift */; };
		A64335A92B2DAB71009689DC /* NotificationCenterViewController.swift in Sources */ = {isa = PBXBuildFile; fileRef = A64335A82B2DAB71009689DC /* NotificationCenterViewController.swift */; };
		A64335AB2B2DACFE009689DC /* Notifications.swift in Sources */ = {isa = PBXBuildFile; fileRef = A64335AA2B2DACFE009689DC /* Notifications.swift */; };
		A6D900CF2B1D744E00AE8EDE /* AppDelegate.swift in Sources */ = {isa = PBXBuildFile; fileRef = A6D900CE2B1D744E00AE8EDE /* AppDelegate.swift */; };
		A6D900D12B1D744E00AE8EDE /* SceneDelegate.swift in Sources */ = {isa = PBXBuildFile; fileRef = A6D900D02B1D744E00AE8EDE /* SceneDelegate.swift */; };
		A6D900D32B1D744E00AE8EDE /* ViewController.swift in Sources */ = {isa = PBXBuildFile; fileRef = A6D900D22B1D744E00AE8EDE /* ViewController.swift */; };
		A6D900D62B1D744E00AE8EDE /* Main.storyboard in Resources */ = {isa = PBXBuildFile; fileRef = A6D900D42B1D744E00AE8EDE /* Main.storyboard */; };
		A6D900D82B1D744F00AE8EDE /* Assets.xcassets in Resources */ = {isa = PBXBuildFile; fileRef = A6D900D72B1D744F00AE8EDE /* Assets.xcassets */; };
		A6D900DB2B1D744F00AE8EDE /* LaunchScreen.storyboard in Resources */ = {isa = PBXBuildFile; fileRef = A6D900D92B1D744F00AE8EDE /* LaunchScreen.storyboard */; };
		A6D900E32B1D76FE00AE8EDE /* SecondViewController.swift in Sources */ = {isa = PBXBuildFile; fileRef = A6D900E22B1D76FE00AE8EDE /* SecondViewController.swift */; };
/* End PBXBuildFile section */

/* Begin PBXFileReference section */
		A643359C2B2DAB55009689DC /* ClosureDetailViewController.swift */ = {isa = PBXFileReference; fileEncoding = 4; lastKnownFileType = sourcecode.swift; name = ClosureDetailViewController.swift; path = ../../PassingDataByNotificationCenter/PassingDataByNotificationCenter/ClosureDetailViewController.swift; sourceTree = "<group>"; };
		A643359E2B2DAB5A009689DC /* ClosureViewController.swift */ = {isa = PBXFileReference; fileEncoding = 4; lastKnownFileType = sourcecode.swift; name = ClosureViewController.swift; path = ../../PassingDataByNotificationCenter/PassingDataByNotificationCenter/ClosureViewController.swift; sourceTree = "<group>"; };
		A64335A02B2DAB5E009689DC /* VariableViewController.swift */ = {isa = PBXFileReference; fileEncoding = 4; lastKnownFileType = sourcecode.swift; name = VariableViewController.swift; path = ../../PassingDataByNotificationCenter/PassingDataByNotificationCenter/VariableViewController.swift; sourceTree = "<group>"; };
		A64335A22B2DAB64009689DC /* VariableDetailViewController.swift */ = {isa = PBXFileReference; fileEncoding = 4; lastKnownFileType = sourcecode.swift; name = VariableDetailViewController.swift; path = ../../PassingDataByNotificationCenter/PassingDataByNotificationCenter/VariableDetailViewController.swift; sourceTree = "<group>"; };
		A64335A42B2DAB68009689DC /* SegueViewController.swift */ = {isa = PBXFileReference; fileEncoding = 4; lastKnownFileType = sourcecode.swift; name = SegueViewController.swift; path = ../../PassingDataByNotificationCenter/PassingDataByNotificationCenter/SegueViewController.swift; sourceTree = "<group>"; };
		A64335A62B2DAB6D009689DC /* SegueDetailViewController.swift */ = {isa = PBXFileReference; fileEncoding = 4; lastKnownFileType = sourcecode.swift; name = SegueDetailViewController.swift; path = ../../PassingDataByNotificationCenter/PassingDataByNotificationCenter/SegueDetailViewController.swift; sourceTree = "<group>"; };
		A64335A82B2DAB71009689DC /* NotificationCenterViewController.swift */ = {isa = PBXFileReference; fileEncoding = 4; lastKnownFileType = sourcecode.swift; name = NotificationCenterViewController.swift; path = ../../PassingDataByNotificationCenter/PassingDataByNotificationCenter/NotificationCenterViewController.swift; sourceTree = "<group>"; };
		A64335AA2B2DACFE009689DC /* Notifications.swift */ = {isa = PBXFileReference; fileEncoding = 4; lastKnownFileType = sourcecode.swift; name = Notifications.swift; path = ../../PassingDataByNotificationCenter/PassingDataByNotificationCenter/Notifications.swift; sourceTree = "<group>"; };
		A6D900CB2B1D744E00AE8EDE /* PassingData.app */ = {isa = PBXFileReference; explicitFileType = wrapper.application; includeInIndex = 0; path = PassingData.app; sourceTree = BUILT_PRODUCTS_DIR; };
		A6D900CE2B1D744E00AE8EDE /* AppDelegate.swift */ = {isa = PBXFileReference; lastKnownFileType = sourcecode.swift; path = AppDelegate.swift; sourceTree = "<group>"; };
		A6D900D02B1D744E00AE8EDE /* SceneDelegate.swift */ = {isa = PBXFileReference; lastKnownFileType = sourcecode.swift; path = SceneDelegate.swift; sourceTree = "<group>"; };
		A6D900D22B1D744E00AE8EDE /* ViewController.swift */ = {isa = PBXFileReference; lastKnownFileType = sourcecode.swift; path = ViewController.swift; sourceTree = "<group>"; };
		A6D900D52B1D744E00AE8EDE /* Base */ = {isa = PBXFileReference; lastKnownFileType = file.storyboard; name = Base; path = Base.lproj/Main.storyboard; sourceTree = "<group>"; };
		A6D900D72B1D744F00AE8EDE /* Assets.xcassets */ = {isa = PBXFileReference; lastKnownFileType = folder.assetcatalog; path = Assets.xcassets; sourceTree = "<group>"; };
		A6D900DA2B1D744F00AE8EDE /* Base */ = {isa = PBXFileReference; lastKnownFileType = file.storyboard; name = Base; path = Base.lproj/LaunchScreen.storyboard; sourceTree = "<group>"; };
		A6D900DC2B1D744F00AE8EDE /* Info.plist */ = {isa = PBXFileReference; lastKnownFileType = text.plist.xml; path = Info.plist; sourceTree = "<group>"; };
		A6D900E22B1D76FE00AE8EDE /* SecondViewController.swift */ = {isa = PBXFileReference; lastKnownFileType = sourcecode.swift; path = SecondViewController.swift; sourceTree = "<group>"; };
/* End PBXFileReference section */

/* Begin PBXFrameworksBuildPhase section */
		A6D900C82B1D744E00AE8EDE /* Frameworks */ = {
			isa = PBXFrameworksBuildPhase;
			buildActionMask = 2147483647;
			files = (
			);
			runOnlyForDeploymentPostprocessing = 0;
		};
/* End PBXFrameworksBuildPhase section */

/* Begin PBXGroup section */
		A6D900C22B1D744E00AE8EDE = {
			isa = PBXGroup;
			children = (
				A6D900CD2B1D744E00AE8EDE /* PassingData */,
				A6D900CC2B1D744E00AE8EDE /* Products */,
			);
			sourceTree = "<group>";
		};
		A6D900CC2B1D744E00AE8EDE /* Products */ = {
			isa = PBXGroup;
			children = (
				A6D900CB2B1D744E00AE8EDE /* PassingData.app */,
			);
			name = Products;
			sourceTree = "<group>";
		};
		A6D900CD2B1D744E00AE8EDE /* PassingData */ = {
			isa = PBXGroup;
			children = (
				A6D900CE2B1D744E00AE8EDE /* AppDelegate.swift */,
				A6D900D02B1D744E00AE8EDE /* SceneDelegate.swift */,
				A6D900D22B1D744E00AE8EDE /* ViewController.swift */,
				A6D900D42B1D744E00AE8EDE /* Main.storyboard */,
				A6D900D72B1D744F00AE8EDE /* Assets.xcassets */,
				A6D900D92B1D744F00AE8EDE /* LaunchScreen.storyboard */,
				A6D900DC2B1D744F00AE8EDE /* Info.plist */,
				A6D900E22B1D76FE00AE8EDE /* SecondViewController.swift */,
				A643359C2B2DAB55009689DC /* ClosureDetailViewController.swift */,
				A643359E2B2DAB5A009689DC /* ClosureViewController.swift */,
				A64335A02B2DAB5E009689DC /* VariableViewController.swift */,
				A64335A22B2DAB64009689DC /* VariableDetailViewController.swift */,
				A64335A42B2DAB68009689DC /* SegueViewController.swift */,
				A64335A62B2DAB6D009689DC /* SegueDetailViewController.swift */,
				A64335A82B2DAB71009689DC /* NotificationCenterViewController.swift */,
				A64335AA2B2DACFE009689DC /* Notifications.swift */,
			);
			path = PassingData;
			sourceTree = "<group>";
		};
/* End PBXGroup section */

/* Begin PBXNativeTarget section */
		A6D900CA2B1D744E00AE8EDE /* PassingData */ = {
			isa = PBXNativeTarget;
			buildConfigurationList = A6D900DF2B1D744F00AE8EDE /* Build configuration list for PBXNativeTarget "PassingData" */;
			buildPhases = (
				A6D900C72B1D744E00AE8EDE /* Sources */,
				A6D900C82B1D744E00AE8EDE /* Frameworks */,
				A6D900C92B1D744E00AE8EDE /* Resources */,
			);
			buildRules = (
			);
			dependencies = (
			);
			name = PassingData;
			productName = PassingData;
			productReference = A6D900CB2B1D744E00AE8EDE /* PassingData.app */;
			productType = "com.apple.product-type.application";
		};
/* End PBXNativeTarget section */

/* Begin PBXProject section */
		A6D900C32B1D744E00AE8EDE /* Project object */ = {
			isa = PBXProject;
			attributes = {
				BuildIndependentTargetsInParallel = 1;
				LastSwiftUpdateCheck = 1420;
				LastUpgradeCheck = 1420;
				TargetAttributes = {
					A6D900CA2B1D744E00AE8EDE = {
						CreatedOnToolsVersion = 14.2;
					};
				};
			};
			buildConfigurationList = A6D900C62B1D744E00AE8EDE /* Build configuration list for PBXProject "PassingData" */;
			compatibilityVersion = "Xcode 14.0";
			developmentRegion = en;
			hasScannedForEncodings = 0;
			knownRegions = (
				en,
				Base,
			);
			mainGroup = A6D900C22B1D744E00AE8EDE;
			productRefGroup = A6D900CC2B1D744E00AE8EDE /* Products */;
			projectDirPath = "";
			projectRoot = "";
			targets = (
				A6D900CA2B1D744E00AE8EDE /* PassingData */,
			);
		};
/* End PBXProject section */

/* Begin PBXResourcesBuildPhase section */
		A6D900C92B1D744E00AE8EDE /* Resources */ = {
			isa = PBXResourcesBuildPhase;
			buildActionMask = 2147483647;
			files = (
				A6D900DB2B1D744F00AE8EDE /* LaunchScreen.storyboard in Resources */,
				A6D900D82B1D744F00AE8EDE /* Assets.xcassets in Resources */,
				A6D900D62B1D744E00AE8EDE /* Main.storyboard in Resources */,
			);
			runOnlyForDeploymentPostprocessing = 0;
		};
/* End PBXResourcesBuildPhase section */

/* Begin PBXSourcesBuildPhase section */
		A6D900C72B1D744E00AE8EDE /* Sources */ = {
			isa = PBXSourcesBuildPhase;
			buildActionMask = 2147483647;
			files = (
				A64335AB2B2DACFE009689DC /* Notifications.swift in Sources */,
				A64335A92B2DAB71009689DC /* NotificationCenterViewController.swift in Sources */,
				A64335A52B2DAB68009689DC /* SegueViewController.swift in Sources */,
				A643359F2B2DAB5A009689DC /* ClosureViewController.swift in Sources */,
				A64335A32B2DAB64009689DC /* VariableDetailViewController.swift in Sources */,
				A643359D2B2DAB55009689DC /* ClosureDetailViewController.swift in Sources */,
				A6D900E32B1D76FE00AE8EDE /* SecondViewController.swift in Sources */,
				A6D900D32B1D744E00AE8EDE /* ViewController.swift in Sources */,
				A64335A12B2DAB5F009689DC /* VariableViewController.swift in Sources */,
				A64335A72B2DAB6D009689DC /* SegueDetailViewController.swift in Sources */,
				A6D900CF2B1D744E00AE8EDE /* AppDelegate.swift in Sources */,
				A6D900D12B1D744E00AE8EDE /* SceneDelegate.swift in Sources */,
			);
			runOnlyForDeploymentPostprocessing = 0;
		};
/* End PBXSourcesBuildPhase section */

/* Begin PBXVariantGroup section */
		A6D900D42B1D744E00AE8EDE /* Main.storyboard */ = {
			isa = PBXVariantGroup;
			children = (
				A6D900D52B1D744E00AE8EDE /* Base */,
			);
			name = Main.storyboard;
			sourceTree = "<group>";
		};
		A6D900D92B1D744F00AE8EDE /* LaunchScreen.storyboard */ = {
			isa = PBXVariantGroup;
			children = (
				A6D900DA2B1D744F00AE8EDE /* Base */,
			);
			name = LaunchScreen.storyboard;
			sourceTree = "<group>";
		};
/* End PBXVariantGroup section */

/* Begin XCBuildConfiguration section */
		A6D900DD2B1D744F00AE8EDE /* Debug */ = {
			isa = XCBuildConfiguration;
			buildSettings = {
				ALWAYS_SEARCH_USER_PATHS = NO;
				CLANG_ANALYZER_NONNULL = YES;
				CLANG_ANALYZER_NUMBER_OBJECT_CONVERSION = YES_AGGRESSIVE;
				CLANG_CXX_LANGUAGE_STANDARD = "gnu++20";
				CLANG_ENABLE_MODULES = YES;
				CLANG_ENABLE_OBJC_ARC = YES;
				CLANG_ENABLE_OBJC_WEAK = YES;
				CLANG_WARN_BLOCK_CAPTURE_AUTORELEASING = YES;
				CLANG_WARN_BOOL_CONVERSION = YES;
				CLANG_WARN_COMMA = YES;
				CLANG_WARN_CONSTANT_CONVERSION = YES;
				CLANG_WARN_DEPRECATED_OBJC_IMPLEMENTATIONS = YES;
				CLANG_WARN_DIRECT_OBJC_ISA_USAGE = YES_ERROR;
				CLANG_WARN_DOCUMENTATION_COMMENTS = YES;
				CLANG_WARN_EMPTY_BODY = YES;
				CLANG_WARN_ENUM_CONVERSION = YES;
				CLANG_WARN_INFINITE_RECURSION = YES;
				CLANG_WARN_INT_CONVERSION = YES;
				CLANG_WARN_NON_LITERAL_NULL_CONVERSION = YES;
				CLANG_WARN_OBJC_IMPLICIT_RETAIN_SELF = YES;
				CLANG_WARN_OBJC_LITERAL_CONVERSION = YES;
				CLANG_WARN_OBJC_ROOT_CLASS = YES_ERROR;
				CLANG_WARN_QUOTED_INCLUDE_IN_FRAMEWORK_HEADER = YES;
				CLANG_WARN_RANGE_LOOP_ANALYSIS = YES;
				CLANG_WARN_STRICT_PROTOTYPES = YES;
				CLANG_WARN_SUSPICIOUS_MOVE = YES;
				CLANG_WARN_UNGUARDED_AVAILABILITY = YES_AGGRESSIVE;
				CLANG_WARN_UNREACHABLE_CODE = YES;
				CLANG_WARN__DUPLICATE_METHOD_MATCH = YES;
				COPY_PHASE_STRIP = NO;
				DEBUG_INFORMATION_FORMAT = dwarf;
				ENABLE_STRICT_OBJC_MSGSEND = YES;
				ENABLE_TESTABILITY = YES;
				GCC_C_LANGUAGE_STANDARD = gnu11;
				GCC_DYNAMIC_NO_PIC = NO;
				GCC_NO_COMMON_BLOCKS = YES;
				GCC_OPTIMIZATION_LEVEL = 0;
				GCC_PREPROCESSOR_DEFINITIONS = (
					"DEBUG=1",
					"$(inherited)",
				);
				GCC_WARN_64_TO_32_BIT_CONVERSION = YES;
				GCC_WARN_ABOUT_RETURN_TYPE = YES_ERROR;
				GCC_WARN_UNDECLARED_SELECTOR = YES;
				GCC_WARN_UNINITIALIZED_AUTOS = YES_AGGRESSIVE;
				GCC_WARN_UNUSED_FUNCTION = YES;
				GCC_WARN_UNUSED_VARIABLE = YES;
				IPHONEOS_DEPLOYMENT_TARGET = 16.2;
				MTL_ENABLE_DEBUG_INFO = INCLUDE_SOURCE;
				MTL_FAST_MATH = YES;
				ONLY_ACTIVE_ARCH = YES;
				SDKROOT = iphoneos;
				SWIFT_ACTIVE_COMPILATION_CONDITIONS = DEBUG;
				SWIFT_OPTIMIZATION_LEVEL = "-Onone";
			};
			name = Debug;
		};
		A6D900DE2B1D744F00AE8EDE /* Release */ = {
			isa = XCBuildConfiguration;
			buildSettings = {
				ALWAYS_SEARCH_USER_PATHS = NO;
				CLANG_ANALYZER_NONNULL = YES;
				CLANG_ANALYZER_NUMBER_OBJECT_CONVERSION = YES_AGGRESSIVE;
				CLANG_CXX_LANGUAGE_STANDARD = "gnu++20";
				CLANG_ENABLE_MODULES = YES;
				CLANG_ENABLE_OBJC_ARC = YES;
				CLANG_ENABLE_OBJC_WEAK = YES;
				CLANG_WARN_BLOCK_CAPTURE_AUTORELEASING = YES;
				CLANG_WARN_BOOL_CONVERSION = YES;
				CLANG_WARN_COMMA = YES;
				CLANG_WARN_CONSTANT_CONVERSION = YES;
				CLANG_WARN_DEPRECATED_OBJC_IMPLEMENTATIONS = YES;
				CLANG_WARN_DIRECT_OBJC_ISA_USAGE = YES_ERROR;
				CLANG_WARN_DOCUMENTATION_COMMENTS = YES;
				CLANG_WARN_EMPTY_BODY = YES;
				CLANG_WARN_ENUM_CONVERSION = YES;
				CLANG_WARN_INFINITE_RECURSION = YES;
				CLANG_WARN_INT_CONVERSION = YES;
				CLANG_WARN_NON_LITERAL_NULL_CONVERSION = YES;
				CLANG_WARN_OBJC_IMPLICIT_RETAIN_SELF = YES;
				CLANG_WARN_OBJC_LITERAL_CONVERSION = YES;
				CLANG_WARN_OBJC_ROOT_CLASS = YES_ERROR;
				CLANG_WARN_QUOTED_INCLUDE_IN_FRAMEWORK_HEADER = YES;
				CLANG_WARN_RANGE_LOOP_ANALYSIS = YES;
				CLANG_WARN_STRICT_PROTOTYPES = YES;
				CLANG_WARN_SUSPICIOUS_MOVE = YES;
				CLANG_WARN_UNGUARDED_AVAILABILITY = YES_AGGRESSIVE;
				CLANG_WARN_UNREACHABLE_CODE = YES;
				CLANG_WARN__DUPLICATE_METHOD_MATCH = YES;
				COPY_PHASE_STRIP = NO;
				DEBUG_INFORMATION_FORMAT = "dwarf-with-dsym";
				ENABLE_NS_ASSERTIONS = NO;
				ENABLE_STRICT_OBJC_MSGSEND = YES;
				GCC_C_LANGUAGE_STANDARD = gnu11;
				GCC_NO_COMMON_BLOCKS = YES;
				GCC_WARN_64_TO_32_BIT_CONVERSION = YES;
				GCC_WARN_ABOUT_RETURN_TYPE = YES_ERROR;
				GCC_WARN_UNDECLARED_SELECTOR = YES;
				GCC_WARN_UNINITIALIZED_AUTOS = YES_AGGRESSIVE;
				GCC_WARN_UNUSED_FUNCTION = YES;
				GCC_WARN_UNUSED_VARIABLE = YES;
				IPHONEOS_DEPLOYMENT_TARGET = 16.2;
				MTL_ENABLE_DEBUG_INFO = NO;
				MTL_FAST_MATH = YES;
				SDKROOT = iphoneos;
				SWIFT_COMPILATION_MODE = wholemodule;
				SWIFT_OPTIMIZATION_LEVEL = "-O";
				VALIDATE_PRODUCT = YES;
			};
			name = Release;
		};
		A6D900E02B1D744F00AE8EDE /* Debug */ = {
			isa = XCBuildConfiguration;
			buildSettings = {
				ASSETCATALOG_COMPILER_APPICON_NAME = AppIcon;
				ASSETCATALOG_COMPILER_GLOBAL_ACCENT_COLOR_NAME = AccentColor;
				CODE_SIGN_STYLE = Automatic;
				CURRENT_PROJECT_VERSION = 1;
				GENERATE_INFOPLIST_FILE = YES;
				INFOPLIST_FILE = PassingData/Info.plist;
				INFOPLIST_KEY_UIApplicationSupportsIndirectInputEvents = YES;
				INFOPLIST_KEY_UILaunchStoryboardName = LaunchScreen;
				INFOPLIST_KEY_UIMainStoryboardFile = Main;
				INFOPLIST_KEY_UISupportedInterfaceOrientations_iPad = "UIInterfaceOrientationPortrait UIInterfaceOrientationPortraitUpsideDown UIInterfaceOrientationLandscapeLeft UIInterfaceOrientationLandscapeRight";
				INFOPLIST_KEY_UISupportedInterfaceOrientations_iPhone = "UIInterfaceOrientationPortrait UIInterfaceOrientationLandscapeLeft UIInterfaceOrientationLandscapeRight";
				LD_RUNPATH_SEARCH_PATHS = (
					"$(inherited)",
					"@executable_path/Frameworks",
				);
				MARKETING_VERSION = 1.0;
				PRODUCT_BUNDLE_IDENTIFIER = test.PassingData;
				PRODUCT_NAME = "$(TARGET_NAME)";
				SWIFT_EMIT_LOC_STRINGS = YES;
				SWIFT_VERSION = 5.0;
				TARGETED_DEVICE_FAMILY = "1,2";
			};
			name = Debug;
		};
		A6D900E12B1D744F00AE8EDE /* Release */ = {
			isa = XCBuildConfiguration;
			buildSettings = {
				ASSETCATALOG_COMPILER_APPICON_NAME = AppIcon;
				ASSETCATALOG_COMPILER_GLOBAL_ACCENT_COLOR_NAME = AccentColor;
				CODE_SIGN_STYLE = Automatic;
				CURRENT_PROJECT_VERSION = 1;
				GENERATE_INFOPLIST_FILE = YES;
				INFOPLIST_FILE = PassingData/Info.plist;
				INFOPLIST_KEY_UIApplicationSupportsIndirectInputEvents = YES;
				INFOPLIST_KEY_UILaunchStoryboardName = LaunchScreen;
				INFOPLIST_KEY_UIMainStoryboardFile = Main;
				INFOPLIST_KEY_UISupportedInterfaceOrientations_iPad = "UIInterfaceOrientationPortrait UIInterfaceOrientationPortraitUpsideDown UIInterfaceOrientationLandscapeLeft UIInterfaceOrientationLandscapeRight";
				INFOPLIST_KEY_UISupportedInterfaceOrientations_iPhone = "UIInterfaceOrientationPortrait UIInterfaceOrientationLandscapeLeft UIInterfaceOrientationLandscapeRight";
				LD_RUNPATH_SEARCH_PATHS = (
					"$(inherited)",
					"@executable_path/Frameworks",
				);
				MARKETING_VERSION = 1.0;
				PRODUCT_BUNDLE_IDENTIFIER = test.PassingData;
				PRODUCT_NAME = "$(TARGET_NAME)";
				SWIFT_EMIT_LOC_STRINGS = YES;
				SWIFT_VERSION = 5.0;
				TARGETED_DEVICE_FAMILY = "1,2";
			};
			name = Release;
		};
/* End XCBuildConfiguration section */

/* Begin XCConfigurationList section */
		A6D900C62B1D744E00AE8EDE /* Build configuration list for PBXProject "PassingData" */ = {
			isa = XCConfigurationList;
			buildConfigurations = (
				A6D900DD2B1D744F00AE8EDE /* Debug */,
				A6D900DE2B1D744F00AE8EDE /* Release */,
			);
			defaultConfigurationIsVisible = 0;
			defaultConfigurationName = Release;
		};
		A6D900DF2B1D744F00AE8EDE /* Build configuration list for PBXNativeTarget "PassingData" */ = {
			isa = XCConfigurationList;
			buildConfigurations = (
				A6D900E02B1D744F00AE8EDE /* Debug */,
				A6D900E12B1D744F00AE8EDE /* Release */,
			);
			defaultConfigurationIsVisible = 0;
			defaultConfigurationName = Release;
		};
/* End XCConfigurationList section */
	};
	rootObject = A6D900C32B1D744E00AE8EDE /* Project object */;
}
